# This file is autogenerated, do not edit; changes may be undone by the next 'dep ensure'.


[[projects]]
  name = "github.com/jessevdk/go-flags"
  packages = ["."]
  revision = "460c7bb0abd6e927f2767cadc91aa6ef776a98b4"

[[projects]]
  name = "github.com/kr/pretty"
  packages = ["."]
  revision = "73f6ac0b30a98e433b289500d779f50c1a6f0712"
  version = "v0.1.0"

[[projects]]
  name = "github.com/kr/text"
  packages = ["."]
  revision = "e2ffdb16a802fe2bb95e2e35ff34f0e53aeef34f"
  version = "v0.1.0"

[[projects]]
  name = "github.com/sirupsen/logrus"
  packages = ["."]
  revision = "10f801ebc38b33738c9d17d50860f484a0988ff5"

[[projects]]
  branch = "master"
  name = "github.com/stvp/assert"
  packages = ["."]
  revision = "4bc16443988bace8e1b42d62d3601f70d74e4638"

[[projects]]
  name = "golang.org/x/sys"
  packages = ["unix"]
  revision = "f3918c30c5c2cb527c0b071a27c35120a6c0719a"

[solve-meta]
  analyzer-name = "dep"
  analyzer-version = 1
  inputs-digest = "337ac1b7d70be1d6e7ac5b0348f7e09396cfea568bc8dc883c98c9aa2056dcc3"
  solver-name = "gps-cdcl"
  solver-version = 1
